{
  "version": 4,
  "terraform_version": "0.12.9",
  "serial": 451,
  "lineage": "1836e1dc-e07b-efbb-bafc-f371bff3175a",
  "outputs": {
    "deployment_summary": {
      "value": "# FortiFriday in [westeurope]\n",
      "type": "string"
    }
  },
  "resources": [
    {
      "mode": "data",
      "type": "template_file",
      "name": "summary",
      "provider": "provider.template",
      "instances": [
        {
          "schema_version": 0,
          "attributes": {
            "filename": null,
            "id": "1b169ae2ae8b68106e5f280a527729f085fc8b6fd54f62345286b6da27138173",
            "rendered": "# FortiFriday in [westeurope]\n",
            "template": "# FortiFriday in [${location}]\n",
            "vars": {
              "location": "westeurope"
            }
          }
        }
      ]
    },
    {
      "mode": "managed",
      "type": "azuread_user",
      "name": "users",
      "each": "list",
      "provider": "provider.azuread",
      "instances": [
        {
          "index_key": 0,
          "schema_version": 0,
          "attributes": {
            "account_enabled": true,
            "display_name": "student0",
            "force_password_change": false,
            "id": "ae556443-94f2-47db-9d91-d258ea65a8ff",
            "mail": "",
            "mail_nickname": "student0",
            "object_id": "ae556443-94f2-47db-9d91-d258ea65a8ff",
            "password": "FortiFriday123!",
            "usage_location": "",
            "user_principal_name": "student0@fortilab.be"
          },
          "private": "bnVsbA=="
        },
        {
          "index_key": 1,
          "schema_version": 0,
          "attributes": {
            "account_enabled": true,
            "display_name": "student1",
            "force_password_change": false,
            "id": "412e8e2c-9f41-46f6-9458-36ce371be381",
            "mail": "",
            "mail_nickname": "student1",
            "object_id": "412e8e2c-9f41-46f6-9458-36ce371be381",
            "password": "FortiFriday123!",
            "usage_location": "",
            "user_principal_name": "student1@fortilab.be"
          },
          "private": "bnVsbA=="
        },
        {
          "index_key": 2,
          "schema_version": 0,
          "attributes": {
            "account_enabled": true,
            "display_name": "student2",
            "force_password_change": false,
            "id": "19fe4cd2-f566-468c-a659-92de1444f908",
            "mail": "",
            "mail_nickname": "student2",
            "object_id": "19fe4cd2-f566-468c-a659-92de1444f908",
            "password": "FortiFriday123!",
            "usage_location": "",
            "user_principal_name": "student2@fortilab.be"
          },
          "private": "bnVsbA=="
        },
        {
          "index_key": 3,
          "schema_version": 0,
          "attributes": {
            "account_enabled": true,
            "display_name": "student3",
            "force_password_change": false,
            "id": "9fbf5698-b521-4f0f-b0d7-315bcbe80c13",
            "mail": "",
            "mail_nickname": "student3",
            "object_id": "9fbf5698-b521-4f0f-b0d7-315bcbe80c13",
            "password": "FortiFriday123!",
            "usage_location": "",
            "user_principal_name": "student3@fortilab.be"
          },
          "private": "bnVsbA=="
        },
        {
          "index_key": 4,
          "schema_version": 0,
          "attributes": {
            "account_enabled": true,
            "display_name": "student4",
            "force_password_change": false,
            "id": "a53f0f8e-31f3-4418-a3b4-b7c4652707c9",
            "mail": "",
            "mail_nickname": "student4",
            "object_id": "a53f0f8e-31f3-4418-a3b4-b7c4652707c9",
            "password": "FortiFriday123!",
            "usage_location": "",
            "user_principal_name": "student4@fortilab.be"
          },
          "private": "bnVsbA=="
        },
        {
          "index_key": 5,
          "schema_version": 0,
          "attributes": {
            "account_enabled": true,
            "display_name": "student5",
            "force_password_change": false,
            "id": "e6fcc29c-9d23-48b8-991d-67a19e26a18b",
            "mail": "",
            "mail_nickname": "student5",
            "object_id": "e6fcc29c-9d23-48b8-991d-67a19e26a18b",
            "password": "FortiFriday123!",
            "usage_location": "",
            "user_principal_name": "student5@fortilab.be"
          },
          "private": "bnVsbA=="
        },
        {
          "index_key": 6,
          "schema_version": 0,
          "attributes": {
            "account_enabled": true,
            "display_name": "student6",
            "force_password_change": false,
            "id": "de0c82e5-c556-41e9-bae8-1fa2afb180b4",
            "mail": "",
            "mail_nickname": "student6",
            "object_id": "de0c82e5-c556-41e9-bae8-1fa2afb180b4",
            "password": "FortiFriday123!",
            "usage_location": "",
            "user_principal_name": "student6@fortilab.be"
          },
          "private": "bnVsbA=="
        },
        {
          "index_key": 7,
          "schema_version": 0,
          "attributes": {
            "account_enabled": true,
            "display_name": "student7",
            "force_password_change": false,
            "id": "ed21bed4-c092-415f-8c3d-9a4c274ffb87",
            "mail": "",
            "mail_nickname": "student7",
            "object_id": "ed21bed4-c092-415f-8c3d-9a4c274ffb87",
            "password": "FortiFriday123!",
            "usage_location": "",
            "user_principal_name": "student7@fortilab.be"
          },
          "private": "bnVsbA=="
        },
        {
          "index_key": 8,
          "schema_version": 0,
          "attributes": {
            "account_enabled": true,
            "display_name": "student8",
            "force_password_change": false,
            "id": "2405c942-0333-4e8e-9115-b0de0c3b8f7d",
            "mail": "",
            "mail_nickname": "student8",
            "object_id": "2405c942-0333-4e8e-9115-b0de0c3b8f7d",
            "password": "FortiFriday123!",
            "usage_location": "",
            "user_principal_name": "student8@fortilab.be"
          },
          "private": "bnVsbA=="
        },
        {
          "index_key": 9,
          "schema_version": 0,
          "attributes": {
            "account_enabled": true,
            "display_name": "student9",
            "force_password_change": false,
            "id": "cf9b8b02-c86d-4637-a5a6-20c4be2f4bbd",
            "mail": "",
            "mail_nickname": "student9",
            "object_id": "cf9b8b02-c86d-4637-a5a6-20c4be2f4bbd",
            "password": "FortiFriday123!",
            "usage_location": "",
            "user_principal_name": "student9@fortilab.be"
          },
          "private": "bnVsbA=="
        },
        {
          "index_key": 10,
          "schema_version": 0,
          "attributes": {
            "account_enabled": true,
            "display_name": "student10",
            "force_password_change": false,
            "id": "3c6e1108-04eb-4fe3-b6ca-5ddefbaa6638",
            "mail": "",
            "mail_nickname": "student10",
            "object_id": "3c6e1108-04eb-4fe3-b6ca-5ddefbaa6638",
            "password": "FortiFriday123!",
            "usage_location": "",
            "user_principal_name": "student10@fortilab.be"
          },
          "private": "bnVsbA=="
        },
        {
          "index_key": 11,
          "schema_version": 0,
          "attributes": {
            "account_enabled": true,
            "display_name": "student11",
            "force_password_change": false,
            "id": "0fade486-fe7b-4d19-a547-4f7ac8ea281c",
            "mail": "",
            "mail_nickname": "student11",
            "object_id": "0fade486-fe7b-4d19-a547-4f7ac8ea281c",
            "password": "FortiFriday123!",
            "usage_location": "",
            "user_principal_name": "student11@fortilab.be"
          },
          "private": "bnVsbA=="
        },
        {
          "index_key": 12,
          "schema_version": 0,
          "attributes": {
            "account_enabled": true,
            "display_name": "student12",
            "force_password_change": false,
            "id": "5997fea5-6977-4dd8-94fc-f54657269811",
            "mail": "",
            "mail_nickname": "student12",
            "object_id": "5997fea5-6977-4dd8-94fc-f54657269811",
            "password": "FortiFriday123!",
            "usage_location": "",
            "user_principal_name": "student12@fortilab.be"
          },
          "private": "bnVsbA=="
        },
        {
          "index_key": 13,
          "schema_version": 0,
          "attributes": {
            "account_enabled": true,
            "display_name": "student13",
            "force_password_change": false,
            "id": "e6c7b2f6-2b17-4398-aa29-dc8119287cc7",
            "mail": "",
            "mail_nickname": "student13",
            "object_id": "e6c7b2f6-2b17-4398-aa29-dc8119287cc7",
            "password": "FortiFriday123!",
            "usage_location": "",
            "user_principal_name": "student13@fortilab.be"
          },
          "private": "bnVsbA=="
        },
        {
          "index_key": 14,
          "schema_version": 0,
          "attributes": {
            "account_enabled": true,
            "display_name": "student14",
            "force_password_change": false,
            "id": "140326d9-60f4-4905-99b0-f817730b5af4",
            "mail": "",
            "mail_nickname": "student14",
            "object_id": "140326d9-60f4-4905-99b0-f817730b5af4",
            "password": "FortiFriday123!",
            "usage_location": "",
            "user_principal_name": "student14@fortilab.be"
          },
          "private": "bnVsbA=="
        },
        {
          "index_key": 15,
          "schema_version": 0,
          "attributes": {
            "account_enabled": true,
            "display_name": "student15",
            "force_password_change": false,
            "id": "079e79ab-3642-4112-9c47-dbe1ad55acc5",
            "mail": "",
            "mail_nickname": "student15",
            "object_id": "079e79ab-3642-4112-9c47-dbe1ad55acc5",
            "password": "FortiFriday123!",
            "usage_location": "",
            "user_principal_name": "student15@fortilab.be"
          },
          "private": "bnVsbA=="
        },
        {
          "index_key": 16,
          "schema_version": 0,
          "attributes": {
            "account_enabled": true,
            "display_name": "student16",
            "force_password_change": false,
            "id": "3b7578f4-0020-4da2-abcd-a94723f3d2a9",
            "mail": "",
            "mail_nickname": "student16",
            "object_id": "3b7578f4-0020-4da2-abcd-a94723f3d2a9",
            "password": "FortiFriday123!",
            "usage_location": "",
            "user_principal_name": "student16@fortilab.be"
          },
          "private": "bnVsbA=="
        },
        {
          "index_key": 17,
          "schema_version": 0,
          "attributes": {
            "account_enabled": true,
            "display_name": "student17",
            "force_password_change": false,
            "id": "5db541b0-6f6a-4d6d-b26c-38d4dd881644",
            "mail": "",
            "mail_nickname": "student17",
            "object_id": "5db541b0-6f6a-4d6d-b26c-38d4dd881644",
            "password": "FortiFriday123!",
            "usage_location": "",
            "user_principal_name": "student17@fortilab.be"
          },
          "private": "bnVsbA=="
        },
        {
          "index_key": 18,
          "schema_version": 0,
          "attributes": {
            "account_enabled": true,
            "display_name": "student18",
            "force_password_change": false,
            "id": "3ab40375-257a-4f7e-947a-1c6188944f4f",
            "mail": "",
            "mail_nickname": "student18",
            "object_id": "3ab40375-257a-4f7e-947a-1c6188944f4f",
            "password": "FortiFriday123!",
            "usage_location": "",
            "user_principal_name": "student18@fortilab.be"
          },
          "private": "bnVsbA=="
        },
        {
          "index_key": 19,
          "schema_version": 0,
          "attributes": {
            "account_enabled": true,
            "display_name": "student19",
            "force_password_change": false,
            "id": "00f1dbd8-a819-4952-b0ea-3fb08194259e",
            "mail": "",
            "mail_nickname": "student19",
            "object_id": "00f1dbd8-a819-4952-b0ea-3fb08194259e",
            "password": "FortiFriday123!",
            "usage_location": "",
            "user_principal_name": "student19@fortilab.be"
          },
          "private": "bnVsbA=="
        },
        {
          "index_key": 20,
          "schema_version": 0,
          "attributes": {
            "account_enabled": true,
            "display_name": "student20",
            "force_password_change": false,
            "id": "2ba6b695-7920-45cd-9d63-0c58f895dbfc",
            "mail": "",
            "mail_nickname": "student20",
            "object_id": "2ba6b695-7920-45cd-9d63-0c58f895dbfc",
            "password": "FortiFriday123!",
            "usage_location": "",
            "user_principal_name": "student20@fortilab.be"
          },
          "private": "bnVsbA=="
        },
        {
          "index_key": 21,
          "schema_version": 0,
          "attributes": {
            "account_enabled": true,
            "display_name": "student21",
            "force_password_change": false,
            "id": "22c445cc-e532-4722-b29e-50138eb4a13c",
            "mail": "",
            "mail_nickname": "student21",
            "object_id": "22c445cc-e532-4722-b29e-50138eb4a13c",
            "password": "FortiFriday123!",
            "usage_location": "",
            "user_principal_name": "student21@fortilab.be"
          },
          "private": "bnVsbA=="
        },
        {
          "index_key": 22,
          "schema_version": 0,
          "attributes": {
            "account_enabled": true,
            "display_name": "student22",
            "force_password_change": false,
            "id": "be0532de-538e-4a4e-9505-b68ec7f8d1d7",
            "mail": "",
            "mail_nickname": "student22",
            "object_id": "be0532de-538e-4a4e-9505-b68ec7f8d1d7",
            "password": "FortiFriday123!",
            "usage_location": "",
            "user_principal_name": "student22@fortilab.be"
          },
          "private": "bnVsbA=="
        },
        {
          "index_key": 23,
          "schema_version": 0,
          "attributes": {
            "account_enabled": true,
            "display_name": "student23",
            "force_password_change": false,
            "id": "7b3a7c1a-d840-479d-a9da-e9c8fce87420",
            "mail": "",
            "mail_nickname": "student23",
            "object_id": "7b3a7c1a-d840-479d-a9da-e9c8fce87420",
            "password": "FortiFriday123!",
            "usage_location": "",
            "user_principal_name": "student23@fortilab.be"
          },
          "private": "bnVsbA=="
        },
        {
          "index_key": 24,
          "schema_version": 0,
          "attributes": {
            "account_enabled": true,
            "display_name": "student24",
            "force_password_change": false,
            "id": "85acc71c-4e16-43e3-bfd2-4eaafe923be4",
            "mail": "",
            "mail_nickname": "student24",
            "object_id": "85acc71c-4e16-43e3-bfd2-4eaafe923be4",
            "password": "FortiFriday123!",
            "usage_location": "",
            "user_principal_name": "student24@fortilab.be"
          },
          "private": "bnVsbA=="
        },
        {
          "index_key": 25,
          "schema_version": 0,
          "attributes": {
            "account_enabled": true,
            "display_name": "student25",
            "force_password_change": false,
            "id": "b0358b40-8d53-4690-8cb2-e425380dd002",
            "mail": "",
            "mail_nickname": "student25",
            "object_id": "b0358b40-8d53-4690-8cb2-e425380dd002",
            "password": "FortiFriday123!",
            "usage_location": "",
            "user_principal_name": "student25@fortilab.be"
          },
          "private": "bnVsbA=="
        },
        {
          "index_key": 26,
          "schema_version": 0,
          "attributes": {
            "account_enabled": true,
            "display_name": "student26",
            "force_password_change": false,
            "id": "9874dfa6-2d33-4754-8345-0983a38016e7",
            "mail": "",
            "mail_nickname": "student26",
            "object_id": "9874dfa6-2d33-4754-8345-0983a38016e7",
            "password": "FortiFriday123!",
            "usage_location": "",
            "user_principal_name": "student26@fortilab.be"
          },
          "private": "bnVsbA=="
        },
        {
          "index_key": 27,
          "schema_version": 0,
          "attributes": {
            "account_enabled": true,
            "display_name": "student27",
            "force_password_change": false,
            "id": "e8a7ebb0-7f9c-4d71-994d-e6ba17f094a5",
            "mail": "",
            "mail_nickname": "student27",
            "object_id": "e8a7ebb0-7f9c-4d71-994d-e6ba17f094a5",
            "password": "FortiFriday123!",
            "usage_location": "",
            "user_principal_name": "student27@fortilab.be"
          },
          "private": "bnVsbA=="
        },
        {
          "index_key": 28,
          "schema_version": 0,
          "attributes": {
            "account_enabled": true,
            "display_name": "student28",
            "force_password_change": false,
            "id": "48f6399f-4cd1-485a-b437-5806b91e4189",
            "mail": "",
            "mail_nickname": "student28",
            "object_id": "48f6399f-4cd1-485a-b437-5806b91e4189",
            "password": "FortiFriday123!",
            "usage_location": "",
            "user_principal_name": "student28@fortilab.be"
          },
          "private": "bnVsbA=="
        },
        {
          "index_key": 29,
          "schema_version": 0,
          "attributes": {
            "account_enabled": true,
            "display_name": "student29",
            "force_password_change": false,
            "id": "db0ab4a2-e49e-457a-90e5-d619198ed3f7",
            "mail": "",
            "mail_nickname": "student29",
            "object_id": "db0ab4a2-e49e-457a-90e5-d619198ed3f7",
            "password": "FortiFriday123!",
            "usage_location": "",
            "user_principal_name": "student29@fortilab.be"
          },
          "private": "bnVsbA=="
        }
      ]
    },
    {
      "mode": "managed",
      "type": "azurerm_resource_group",
      "name": "resourcegroup",
      "each": "list",
      "provider": "provider.azurerm",
      "instances": [
        {
          "index_key": 0,
          "schema_version": 0,
          "attributes": {
            "id": "/subscriptions/ca421c80-26d8-4439-a8f4-01d01ef8524f/resourceGroups/student0-RG",
            "location": "westeurope",
            "name": "student0-RG",
            "tags": {}
          },
          "private": "bnVsbA=="
        },
        {
          "index_key": 1,
          "schema_version": 0,
          "attributes": {
            "id": "/subscriptions/ca421c80-26d8-4439-a8f4-01d01ef8524f/resourceGroups/student1-RG",
            "location": "westeurope",
            "name": "student1-RG",
            "tags": {}
          },
          "private": "bnVsbA=="
        },
        {
          "index_key": 2,
          "schema_version": 0,
          "attributes": {
            "id": "/subscriptions/ca421c80-26d8-4439-a8f4-01d01ef8524f/resourceGroups/student2-RG",
            "location": "westeurope",
            "name": "student2-RG",
            "tags": {}
          },
          "private": "bnVsbA=="
        },
        {
          "index_key": 3,
          "schema_version": 0,
          "attributes": {
            "id": "/subscriptions/ca421c80-26d8-4439-a8f4-01d01ef8524f/resourceGroups/student3-RG",
            "location": "westeurope",
            "name": "student3-RG",
            "tags": {}
          },
          "private": "bnVsbA=="
        },
        {
          "index_key": 4,
          "schema_version": 0,
          "attributes": {
            "id": "/subscriptions/ca421c80-26d8-4439-a8f4-01d01ef8524f/resourceGroups/student4-RG",
            "location": "westeurope",
            "name": "student4-RG",
            "tags": {}
          },
          "private": "bnVsbA=="
        },
        {
          "index_key": 5,
          "schema_version": 0,
          "attributes": {
            "id": "/subscriptions/ca421c80-26d8-4439-a8f4-01d01ef8524f/resourceGroups/student5-RG",
            "location": "westeurope",
            "name": "student5-RG",
            "tags": {}
          },
          "private": "bnVsbA=="
        },
        {
          "index_key": 6,
          "schema_version": 0,
          "attributes": {
            "id": "/subscriptions/ca421c80-26d8-4439-a8f4-01d01ef8524f/resourceGroups/student6-RG",
            "location": "westeurope",
            "name": "student6-RG",
            "tags": {}
          },
          "private": "bnVsbA=="
        },
        {
          "index_key": 7,
          "schema_version": 0,
          "attributes": {
            "id": "/subscriptions/ca421c80-26d8-4439-a8f4-01d01ef8524f/resourceGroups/student7-RG",
            "location": "westeurope",
            "name": "student7-RG",
            "tags": {}
          },
          "private": "bnVsbA=="
        },
        {
          "index_key": 8,
          "schema_version": 0,
          "attributes": {
            "id": "/subscriptions/ca421c80-26d8-4439-a8f4-01d01ef8524f/resourceGroups/student8-RG",
            "location": "westeurope",
            "name": "student8-RG",
            "tags": {}
          },
          "private": "bnVsbA=="
        },
        {
          "index_key": 9,
          "schema_version": 0,
          "attributes": {
            "id": "/subscriptions/ca421c80-26d8-4439-a8f4-01d01ef8524f/resourceGroups/student9-RG",
            "location": "westeurope",
            "name": "student9-RG",
            "tags": {}
          },
          "private": "bnVsbA=="
        },
        {
          "index_key": 10,
          "schema_version": 0,
          "attributes": {
            "id": "/subscriptions/ca421c80-26d8-4439-a8f4-01d01ef8524f/resourceGroups/student10-RG",
            "location": "westeurope",
            "name": "student10-RG",
            "tags": {}
          },
          "private": "bnVsbA=="
        },
        {
          "index_key": 11,
          "schema_version": 0,
          "attributes": {
            "id": "/subscriptions/ca421c80-26d8-4439-a8f4-01d01ef8524f/resourceGroups/student11-RG",
            "location": "westeurope",
            "name": "student11-RG",
            "tags": {}
          },
          "private": "bnVsbA=="
        },
        {
          "index_key": 12,
          "schema_version": 0,
          "attributes": {
            "id": "/subscriptions/ca421c80-26d8-4439-a8f4-01d01ef8524f/resourceGroups/student12-RG",
            "location": "westeurope",
            "name": "student12-RG",
            "tags": {}
          },
          "private": "bnVsbA=="
        },
        {
          "index_key": 13,
          "schema_version": 0,
          "attributes": {
            "id": "/subscriptions/ca421c80-26d8-4439-a8f4-01d01ef8524f/resourceGroups/student13-RG",
            "location": "westeurope",
            "name": "student13-RG",
            "tags": {}
          },
          "private": "bnVsbA=="
        },
        {
          "index_key": 14,
          "schema_version": 0,
          "attributes": {
            "id": "/subscriptions/ca421c80-26d8-4439-a8f4-01d01ef8524f/resourceGroups/student14-RG",
            "location": "westeurope",
            "name": "student14-RG",
            "tags": {}
          },
          "private": "bnVsbA=="
        },
        {
          "index_key": 15,
          "schema_version": 0,
          "attributes": {
            "id": "/subscriptions/ca421c80-26d8-4439-a8f4-01d01ef8524f/resourceGroups/student15-RG",
            "location": "westeurope",
            "name": "student15-RG",
            "tags": {}
          },
          "private": "bnVsbA=="
        },
        {
          "index_key": 16,
          "schema_version": 0,
          "attributes": {
            "id": "/subscriptions/ca421c80-26d8-4439-a8f4-01d01ef8524f/resourceGroups/student16-RG",
            "location": "westeurope",
            "name": "student16-RG",
            "tags": {}
          },
          "private": "bnVsbA=="
        },
        {
          "index_key": 17,
          "schema_version": 0,
          "attributes": {
            "id": "/subscriptions/ca421c80-26d8-4439-a8f4-01d01ef8524f/resourceGroups/student17-RG",
            "location": "westeurope",
            "name": "student17-RG",
            "tags": {}
          },
          "private": "bnVsbA=="
        },
        {
          "index_key": 18,
          "schema_version": 0,
          "attributes": {
            "id": "/subscriptions/ca421c80-26d8-4439-a8f4-01d01ef8524f/resourceGroups/student18-RG",
            "location": "westeurope",
            "name": "student18-RG",
            "tags": {}
          },
          "private": "bnVsbA=="
        },
        {
          "index_key": 19,
          "schema_version": 0,
          "attributes": {
            "id": "/subscriptions/ca421c80-26d8-4439-a8f4-01d01ef8524f/resourceGroups/student19-RG",
            "location": "westeurope",
            "name": "student19-RG",
            "tags": {}
          },
          "private": "bnVsbA=="
        },
        {
          "index_key": 20,
          "schema_version": 0,
          "attributes": {
            "id": "/subscriptions/ca421c80-26d8-4439-a8f4-01d01ef8524f/resourceGroups/student20-RG",
            "location": "westeurope",
            "name": "student20-RG",
            "tags": {}
          },
          "private": "bnVsbA=="
        },
        {
          "index_key": 21,
          "schema_version": 0,
          "attributes": {
            "id": "/subscriptions/ca421c80-26d8-4439-a8f4-01d01ef8524f/resourceGroups/student21-RG",
            "location": "westeurope",
            "name": "student21-RG",
            "tags": {}
          },
          "private": "bnVsbA=="
        },
        {
          "index_key": 22,
          "schema_version": 0,
          "attributes": {
            "id": "/subscriptions/ca421c80-26d8-4439-a8f4-01d01ef8524f/resourceGroups/student22-RG",
            "location": "westeurope",
            "name": "student22-RG",
            "tags": {}
          },
          "private": "bnVsbA=="
        },
        {
          "index_key": 23,
          "schema_version": 0,
          "attributes": {
            "id": "/subscriptions/ca421c80-26d8-4439-a8f4-01d01ef8524f/resourceGroups/student23-RG",
            "location": "westeurope",
            "name": "student23-RG",
            "tags": {}
          },
          "private": "bnVsbA=="
        },
        {
          "index_key": 24,
          "schema_version": 0,
          "attributes": {
            "id": "/subscriptions/ca421c80-26d8-4439-a8f4-01d01ef8524f/resourceGroups/student24-RG",
            "location": "westeurope",
            "name": "student24-RG",
            "tags": {}
          },
          "private": "bnVsbA=="
        },
        {
          "index_key": 25,
          "schema_version": 0,
          "attributes": {
            "id": "/subscriptions/ca421c80-26d8-4439-a8f4-01d01ef8524f/resourceGroups/student25-RG",
            "location": "westeurope",
            "name": "student25-RG",
            "tags": {}
          },
          "private": "bnVsbA=="
        },
        {
          "index_key": 26,
          "schema_version": 0,
          "attributes": {
            "id": "/subscriptions/ca421c80-26d8-4439-a8f4-01d01ef8524f/resourceGroups/student26-RG",
            "location": "westeurope",
            "name": "student26-RG",
            "tags": {}
          },
          "private": "bnVsbA=="
        },
        {
          "index_key": 27,
          "schema_version": 0,
          "attributes": {
            "id": "/subscriptions/ca421c80-26d8-4439-a8f4-01d01ef8524f/resourceGroups/student27-RG",
            "location": "westeurope",
            "name": "student27-RG",
            "tags": {}
          },
          "private": "bnVsbA=="
        },
        {
          "index_key": 28,
          "schema_version": 0,
          "attributes": {
            "id": "/subscriptions/ca421c80-26d8-4439-a8f4-01d01ef8524f/resourceGroups/student28-RG",
            "location": "westeurope",
            "name": "student28-RG",
            "tags": {}
          },
          "private": "bnVsbA=="
        },
        {
          "index_key": 29,
          "schema_version": 0,
          "attributes": {
            "id": "/subscriptions/ca421c80-26d8-4439-a8f4-01d01ef8524f/resourceGroups/student29-RG",
            "location": "westeurope",
            "name": "student29-RG",
            "tags": {}
          },
          "private": "bnVsbA=="
        }
      ]
    },
    {
      "mode": "managed",
      "type": "azurerm_role_assignment",
      "name": "iam",
      "each": "list",
      "provider": "provider.azurerm",
      "instances": [
        {
          "index_key": 0,
          "schema_version": 0,
          "attributes": {
            "id": "/subscriptions/ca421c80-26d8-4439-a8f4-01d01ef8524f/resourceGroups/student0-RG/providers/Microsoft.Authorization/roleAssignments/0f933eb3-d15b-1a09-bf71-4c99c78caadd",
            "name": "0f933eb3-d15b-1a09-bf71-4c99c78caadd",
            "principal_id": "ae556443-94f2-47db-9d91-d258ea65a8ff",
            "principal_type": "User",
            "role_definition_id": "/subscriptions/ca421c80-26d8-4439-a8f4-01d01ef8524f/providers/Microsoft.Authorization/roleDefinitions/8e3af657-a8ff-443c-a75c-2fe8c4bcb635",
            "role_definition_name": "Owner",
            "scope": "/subscriptions/ca421c80-26d8-4439-a8f4-01d01ef8524f/resourceGroups/student0-RG",
            "skip_service_principal_aad_check": null
          },
          "private": "bnVsbA==",
          "depends_on": [
            "azuread_user.users",
            "azurerm_resource_group.resourcegroup"
          ]
        },
        {
          "index_key": 1,
          "schema_version": 0,
          "attributes": {
            "id": "/subscriptions/ca421c80-26d8-4439-a8f4-01d01ef8524f/resourceGroups/student1-RG/providers/Microsoft.Authorization/roleAssignments/5902b8e3-f1f4-eed0-6fc5-398eee6d7d2b",
            "name": "5902b8e3-f1f4-eed0-6fc5-398eee6d7d2b",
            "principal_id": "412e8e2c-9f41-46f6-9458-36ce371be381",
            "principal_type": "User",
            "role_definition_id": "/subscriptions/ca421c80-26d8-4439-a8f4-01d01ef8524f/providers/Microsoft.Authorization/roleDefinitions/8e3af657-a8ff-443c-a75c-2fe8c4bcb635",
            "role_definition_name": "Owner",
            "scope": "/subscriptions/ca421c80-26d8-4439-a8f4-01d01ef8524f/resourceGroups/student1-RG",
            "skip_service_principal_aad_check": null
          },
          "private": "bnVsbA==",
          "depends_on": [
            "azuread_user.users",
            "azurerm_resource_group.resourcegroup"
          ]
        },
        {
          "index_key": 2,
          "schema_version": 0,
          "attributes": {
            "id": "/subscriptions/ca421c80-26d8-4439-a8f4-01d01ef8524f/resourceGroups/student2-RG/providers/Microsoft.Authorization/roleAssignments/dd2f6fdd-ef50-508b-a1b8-312f55023ac5",
            "name": "dd2f6fdd-ef50-508b-a1b8-312f55023ac5",
            "principal_id": "19fe4cd2-f566-468c-a659-92de1444f908",
            "principal_type": "User",
            "role_definition_id": "/subscriptions/ca421c80-26d8-4439-a8f4-01d01ef8524f/providers/Microsoft.Authorization/roleDefinitions/8e3af657-a8ff-443c-a75c-2fe8c4bcb635",
            "role_definition_name": "Owner",
            "scope": "/subscriptions/ca421c80-26d8-4439-a8f4-01d01ef8524f/resourceGroups/student2-RG",
            "skip_service_principal_aad_check": null
          },
          "private": "bnVsbA==",
          "depends_on": [
            "azuread_user.users",
            "azurerm_resource_group.resourcegroup"
          ]
        },
        {
          "index_key": 3,
          "schema_version": 0,
          "attributes": {
            "id": "/subscriptions/ca421c80-26d8-4439-a8f4-01d01ef8524f/resourceGroups/student3-RG/providers/Microsoft.Authorization/roleAssignments/031743a7-8cab-0777-dccf-a950818b8505",
            "name": "031743a7-8cab-0777-dccf-a950818b8505",
            "principal_id": "9fbf5698-b521-4f0f-b0d7-315bcbe80c13",
            "principal_type": "User",
            "role_definition_id": "/subscriptions/ca421c80-26d8-4439-a8f4-01d01ef8524f/providers/Microsoft.Authorization/roleDefinitions/8e3af657-a8ff-443c-a75c-2fe8c4bcb635",
            "role_definition_name": "Owner",
            "scope": "/subscriptions/ca421c80-26d8-4439-a8f4-01d01ef8524f/resourceGroups/student3-RG",
            "skip_service_principal_aad_check": null
          },
          "private": "bnVsbA==",
          "depends_on": [
            "azuread_user.users",
            "azurerm_resource_group.resourcegroup"
          ]
        },
        {
          "index_key": 4,
          "schema_version": 0,
          "attributes": {
            "id": "/subscriptions/ca421c80-26d8-4439-a8f4-01d01ef8524f/resourceGroups/student4-RG/providers/Microsoft.Authorization/roleAssignments/4bf1dd4a-538e-e246-ef77-a1bec05a8b47",
            "name": "4bf1dd4a-538e-e246-ef77-a1bec05a8b47",
            "principal_id": "a53f0f8e-31f3-4418-a3b4-b7c4652707c9",
            "principal_type": "User",
            "role_definition_id": "/subscriptions/ca421c80-26d8-4439-a8f4-01d01ef8524f/providers/Microsoft.Authorization/roleDefinitions/8e3af657-a8ff-443c-a75c-2fe8c4bcb635",
            "role_definition_name": "Owner",
            "scope": "/subscriptions/ca421c80-26d8-4439-a8f4-01d01ef8524f/resourceGroups/student4-RG",
            "skip_service_principal_aad_check": null
          },
          "private": "bnVsbA==",
          "depends_on": [
            "azuread_user.users",
            "azurerm_resource_group.resourcegroup"
          ]
        },
        {
          "index_key": 5,
          "schema_version": 0,
          "attributes": {
            "id": "/subscriptions/ca421c80-26d8-4439-a8f4-01d01ef8524f/resourceGroups/student5-RG/providers/Microsoft.Authorization/roleAssignments/581b4ce3-feb7-4eb3-8177-34f9141d43ce",
            "name": "581b4ce3-feb7-4eb3-8177-34f9141d43ce",
            "principal_id": "e6fcc29c-9d23-48b8-991d-67a19e26a18b",
            "principal_type": "User",
            "role_definition_id": "/subscriptions/ca421c80-26d8-4439-a8f4-01d01ef8524f/providers/Microsoft.Authorization/roleDefinitions/8e3af657-a8ff-443c-a75c-2fe8c4bcb635",
            "role_definition_name": "Owner",
            "scope": "/subscriptions/ca421c80-26d8-4439-a8f4-01d01ef8524f/resourceGroups/student5-RG",
            "skip_service_principal_aad_check": null
          },
          "private": "bnVsbA==",
          "depends_on": [
            "azuread_user.users",
            "azurerm_resource_group.resourcegroup"
          ]
        },
        {
          "index_key": 6,
          "schema_version": 0,
          "attributes": {
            "id": "/subscriptions/ca421c80-26d8-4439-a8f4-01d01ef8524f/resourceGroups/student6-RG/providers/Microsoft.Authorization/roleAssignments/6c86132a-ece9-82b4-e895-73f7715212e6",
            "name": "6c86132a-ece9-82b4-e895-73f7715212e6",
            "principal_id": "de0c82e5-c556-41e9-bae8-1fa2afb180b4",
            "principal_type": "User",
            "role_definition_id": "/subscriptions/ca421c80-26d8-4439-a8f4-01d01ef8524f/providers/Microsoft.Authorization/roleDefinitions/8e3af657-a8ff-443c-a75c-2fe8c4bcb635",
            "role_definition_name": "Owner",
            "scope": "/subscriptions/ca421c80-26d8-4439-a8f4-01d01ef8524f/resourceGroups/student6-RG",
            "skip_service_principal_aad_check": null
          },
          "private": "bnVsbA==",
          "depends_on": [
            "azuread_user.users",
            "azurerm_resource_group.resourcegroup"
          ]
        },
        {
          "index_key": 7,
          "schema_version": 0,
          "attributes": {
            "id": "/subscriptions/ca421c80-26d8-4439-a8f4-01d01ef8524f/resourceGroups/student7-RG/providers/Microsoft.Authorization/roleAssignments/16ee911e-e834-1ec5-2347-144fd9818b1e",
            "name": "16ee911e-e834-1ec5-2347-144fd9818b1e",
            "principal_id": "ed21bed4-c092-415f-8c3d-9a4c274ffb87",
            "principal_type": "User",
            "role_definition_id": "/subscriptions/ca421c80-26d8-4439-a8f4-01d01ef8524f/providers/Microsoft.Authorization/roleDefinitions/8e3af657-a8ff-443c-a75c-2fe8c4bcb635",
            "role_definition_name": "Owner",
            "scope": "/subscriptions/ca421c80-26d8-4439-a8f4-01d01ef8524f/resourceGroups/student7-RG",
            "skip_service_principal_aad_check": null
          },
          "private": "bnVsbA==",
          "depends_on": [
            "azuread_user.users",
            "azurerm_resource_group.resourcegroup"
          ]
        },
        {
          "index_key": 8,
          "schema_version": 0,
          "attributes": {
            "id": "/subscriptions/ca421c80-26d8-4439-a8f4-01d01ef8524f/resourceGroups/student8-RG/providers/Microsoft.Authorization/roleAssignments/ab71a2b1-ca2c-79b1-f877-04790cb1b7fb",
            "name": "ab71a2b1-ca2c-79b1-f877-04790cb1b7fb",
            "principal_id": "2405c942-0333-4e8e-9115-b0de0c3b8f7d",
            "principal_type": "User",
            "role_definition_id": "/subscriptions/ca421c80-26d8-4439-a8f4-01d01ef8524f/providers/Microsoft.Authorization/roleDefinitions/8e3af657-a8ff-443c-a75c-2fe8c4bcb635",
            "role_definition_name": "Owner",
            "scope": "/subscriptions/ca421c80-26d8-4439-a8f4-01d01ef8524f/resourceGroups/student8-RG",
            "skip_service_principal_aad_check": null
          },
          "private": "bnVsbA==",
          "depends_on": [
            "azuread_user.users",
            "azurerm_resource_group.resourcegroup"
          ]
        },
        {
          "index_key": 9,
          "schema_version": 0,
          "attributes": {
            "id": "/subscriptions/ca421c80-26d8-4439-a8f4-01d01ef8524f/resourceGroups/student9-RG/providers/Microsoft.Authorization/roleAssignments/82a7787d-3dd1-22f4-bbef-ae2e97e7c3e6",
            "name": "82a7787d-3dd1-22f4-bbef-ae2e97e7c3e6",
            "principal_id": "cf9b8b02-c86d-4637-a5a6-20c4be2f4bbd",
            "principal_type": "User",
            "role_definition_id": "/subscriptions/ca421c80-26d8-4439-a8f4-01d01ef8524f/providers/Microsoft.Authorization/roleDefinitions/8e3af657-a8ff-443c-a75c-2fe8c4bcb635",
            "role_definition_name": "Owner",
            "scope": "/subscriptions/ca421c80-26d8-4439-a8f4-01d01ef8524f/resourceGroups/student9-RG",
            "skip_service_principal_aad_check": null
          },
          "private": "bnVsbA==",
          "depends_on": [
            "azuread_user.users",
            "azurerm_resource_group.resourcegroup"
          ]
        },
        {
          "index_key": 10,
          "schema_version": 0,
          "attributes": {
            "id": "/subscriptions/ca421c80-26d8-4439-a8f4-01d01ef8524f/resourceGroups/student10-RG/providers/Microsoft.Authorization/roleAssignments/afe087dc-385c-441d-e414-b9d2d89a8876",
            "name": "afe087dc-385c-441d-e414-b9d2d89a8876",
            "principal_id": "3c6e1108-04eb-4fe3-b6ca-5ddefbaa6638",
            "principal_type": "User",
            "role_definition_id": "/subscriptions/ca421c80-26d8-4439-a8f4-01d01ef8524f/providers/Microsoft.Authorization/roleDefinitions/8e3af657-a8ff-443c-a75c-2fe8c4bcb635",
            "role_definition_name": "Owner",
            "scope": "/subscriptions/ca421c80-26d8-4439-a8f4-01d01ef8524f/resourceGroups/student10-RG",
            "skip_service_principal_aad_check": null
          },
          "private": "bnVsbA==",
          "depends_on": [
            "azuread_user.users",
            "azurerm_resource_group.resourcegroup"
          ]
        },
        {
          "index_key": 11,
          "schema_version": 0,
          "attributes": {
            "id": "/subscriptions/ca421c80-26d8-4439-a8f4-01d01ef8524f/resourceGroups/student11-RG/providers/Microsoft.Authorization/roleAssignments/23e04c1e-ca43-e2b2-80ce-cc24514a7155",
            "name": "23e04c1e-ca43-e2b2-80ce-cc24514a7155",
            "principal_id": "0fade486-fe7b-4d19-a547-4f7ac8ea281c",
            "principal_type": "User",
            "role_definition_id": "/subscriptions/ca421c80-26d8-4439-a8f4-01d01ef8524f/providers/Microsoft.Authorization/roleDefinitions/8e3af657-a8ff-443c-a75c-2fe8c4bcb635",
            "role_definition_name": "Owner",
            "scope": "/subscriptions/ca421c80-26d8-4439-a8f4-01d01ef8524f/resourceGroups/student11-RG",
            "skip_service_principal_aad_check": null
          },
          "private": "bnVsbA==",
          "depends_on": [
            "azuread_user.users",
            "azurerm_resource_group.resourcegroup"
          ]
        },
        {
          "index_key": 12,
          "schema_version": 0,
          "attributes": {
            "id": "/subscriptions/ca421c80-26d8-4439-a8f4-01d01ef8524f/resourceGroups/student12-RG/providers/Microsoft.Authorization/roleAssignments/1c51db87-a01f-9f60-2270-ed4b49f12c9b",
            "name": "1c51db87-a01f-9f60-2270-ed4b49f12c9b",
            "principal_id": "5997fea5-6977-4dd8-94fc-f54657269811",
            "principal_type": "User",
            "role_definition_id": "/subscriptions/ca421c80-26d8-4439-a8f4-01d01ef8524f/providers/Microsoft.Authorization/roleDefinitions/8e3af657-a8ff-443c-a75c-2fe8c4bcb635",
            "role_definition_name": "Owner",
            "scope": "/subscriptions/ca421c80-26d8-4439-a8f4-01d01ef8524f/resourceGroups/student12-RG",
            "skip_service_principal_aad_check": null
          },
          "private": "bnVsbA==",
          "depends_on": [
            "azuread_user.users",
            "azurerm_resource_group.resourcegroup"
          ]
        },
        {
          "index_key": 13,
          "schema_version": 0,
          "attributes": {
            "id": "/subscriptions/ca421c80-26d8-4439-a8f4-01d01ef8524f/resourceGroups/student13-RG/providers/Microsoft.Authorization/roleAssignments/a928827a-8690-dbbd-c7f9-897e263a932c",
            "name": "a928827a-8690-dbbd-c7f9-897e263a932c",
            "principal_id": "e6c7b2f6-2b17-4398-aa29-dc8119287cc7",
            "principal_type": "User",
            "role_definition_id": "/subscriptions/ca421c80-26d8-4439-a8f4-01d01ef8524f/providers/Microsoft.Authorization/roleDefinitions/8e3af657-a8ff-443c-a75c-2fe8c4bcb635",
            "role_definition_name": "Owner",
            "scope": "/subscriptions/ca421c80-26d8-4439-a8f4-01d01ef8524f/resourceGroups/student13-RG",
            "skip_service_principal_aad_check": null
          },
          "private": "bnVsbA==",
          "depends_on": [
            "azuread_user.users",
            "azurerm_resource_group.resourcegroup"
          ]
        },
        {
          "index_key": 14,
          "schema_version": 0,
          "attributes": {
            "id": "/subscriptions/ca421c80-26d8-4439-a8f4-01d01ef8524f/resourceGroups/student14-RG/providers/Microsoft.Authorization/roleAssignments/84750ffc-3908-0a95-ec2c-a2d18e76a4a6",
            "name": "84750ffc-3908-0a95-ec2c-a2d18e76a4a6",
            "principal_id": "140326d9-60f4-4905-99b0-f817730b5af4",
            "principal_type": "User",
            "role_definition_id": "/subscriptions/ca421c80-26d8-4439-a8f4-01d01ef8524f/providers/Microsoft.Authorization/roleDefinitions/8e3af657-a8ff-443c-a75c-2fe8c4bcb635",
            "role_definition_name": "Owner",
            "scope": "/subscriptions/ca421c80-26d8-4439-a8f4-01d01ef8524f/resourceGroups/student14-RG",
            "skip_service_principal_aad_check": null
          },
          "private": "bnVsbA==",
          "depends_on": [
            "azuread_user.users",
            "azurerm_resource_group.resourcegroup"
          ]
        },
        {
          "index_key": 15,
          "schema_version": 0,
          "attributes": {
            "id": "/subscriptions/ca421c80-26d8-4439-a8f4-01d01ef8524f/resourceGroups/student15-RG/providers/Microsoft.Authorization/roleAssignments/960df091-71df-4403-88b4-f77052521481",
            "name": "960df091-71df-4403-88b4-f77052521481",
            "principal_id": "079e79ab-3642-4112-9c47-dbe1ad55acc5",
            "principal_type": "User",
            "role_definition_id": "/subscriptions/ca421c80-26d8-4439-a8f4-01d01ef8524f/providers/Microsoft.Authorization/roleDefinitions/8e3af657-a8ff-443c-a75c-2fe8c4bcb635",
            "role_definition_name": "Owner",
            "scope": "/subscriptions/ca421c80-26d8-4439-a8f4-01d01ef8524f/resourceGroups/student15-RG",
            "skip_service_principal_aad_check": null
          },
          "private": "bnVsbA==",
          "depends_on": [
            "azuread_user.users",
            "azurerm_resource_group.resourcegroup"
          ]
        },
        {
          "index_key": 16,
          "schema_version": 0,
          "attributes": {
            "id": "/subscriptions/ca421c80-26d8-4439-a8f4-01d01ef8524f/resourceGroups/student16-RG/providers/Microsoft.Authorization/roleAssignments/042c761d-1c7a-3fd0-9fec-05de8c94a4d9",
            "name": "042c761d-1c7a-3fd0-9fec-05de8c94a4d9",
            "principal_id": "3b7578f4-0020-4da2-abcd-a94723f3d2a9",
            "principal_type": "User",
            "role_definition_id": "/subscriptions/ca421c80-26d8-4439-a8f4-01d01ef8524f/providers/Microsoft.Authorization/roleDefinitions/8e3af657-a8ff-443c-a75c-2fe8c4bcb635",
            "role_definition_name": "Owner",
            "scope": "/subscriptions/ca421c80-26d8-4439-a8f4-01d01ef8524f/resourceGroups/student16-RG",
            "skip_service_principal_aad_check": null
          },
          "private": "bnVsbA==",
          "depends_on": [
            "azuread_user.users",
            "azurerm_resource_group.resourcegroup"
          ]
        },
        {
          "index_key": 17,
          "schema_version": 0,
          "attributes": {
            "id": "/subscriptions/ca421c80-26d8-4439-a8f4-01d01ef8524f/resourceGroups/student17-RG/providers/Microsoft.Authorization/roleAssignments/f44de73e-5c49-9f44-288d-7a8832694e50",
            "name": "f44de73e-5c49-9f44-288d-7a8832694e50",
            "principal_id": "5db541b0-6f6a-4d6d-b26c-38d4dd881644",
            "principal_type": "User",
            "role_definition_id": "/subscriptions/ca421c80-26d8-4439-a8f4-01d01ef8524f/providers/Microsoft.Authorization/roleDefinitions/8e3af657-a8ff-443c-a75c-2fe8c4bcb635",
            "role_definition_name": "Owner",
            "scope": "/subscriptions/ca421c80-26d8-4439-a8f4-01d01ef8524f/resourceGroups/student17-RG",
            "skip_service_principal_aad_check": null
          },
          "private": "bnVsbA==",
          "depends_on": [
            "azuread_user.users",
            "azurerm_resource_group.resourcegroup"
          ]
        },
        {
          "index_key": 18,
          "schema_version": 0,
          "attributes": {
            "id": "/subscriptions/ca421c80-26d8-4439-a8f4-01d01ef8524f/resourceGroups/student18-RG/providers/Microsoft.Authorization/roleAssignments/519588f6-dfa9-8056-7a09-eb01ae65ff37",
            "name": "519588f6-dfa9-8056-7a09-eb01ae65ff37",
            "principal_id": "3ab40375-257a-4f7e-947a-1c6188944f4f",
            "principal_type": "User",
            "role_definition_id": "/subscriptions/ca421c80-26d8-4439-a8f4-01d01ef8524f/providers/Microsoft.Authorization/roleDefinitions/8e3af657-a8ff-443c-a75c-2fe8c4bcb635",
            "role_definition_name": "Owner",
            "scope": "/subscriptions/ca421c80-26d8-4439-a8f4-01d01ef8524f/resourceGroups/student18-RG",
            "skip_service_principal_aad_check": null
          },
          "private": "bnVsbA==",
          "depends_on": [
            "azuread_user.users",
            "azurerm_resource_group.resourcegroup"
          ]
        },
        {
          "index_key": 19,
          "schema_version": 0,
          "attributes": {
            "id": "/subscriptions/ca421c80-26d8-4439-a8f4-01d01ef8524f/resourceGroups/student19-RG/providers/Microsoft.Authorization/roleAssignments/f5139d4b-286f-cee9-965b-338a48fb1644",
            "name": "f5139d4b-286f-cee9-965b-338a48fb1644",
            "principal_id": "00f1dbd8-a819-4952-b0ea-3fb08194259e",
            "principal_type": "User",
            "role_definition_id": "/subscriptions/ca421c80-26d8-4439-a8f4-01d01ef8524f/providers/Microsoft.Authorization/roleDefinitions/8e3af657-a8ff-443c-a75c-2fe8c4bcb635",
            "role_definition_name": "Owner",
            "scope": "/subscriptions/ca421c80-26d8-4439-a8f4-01d01ef8524f/resourceGroups/student19-RG",
            "skip_service_principal_aad_check": null
          },
          "private": "bnVsbA==",
          "depends_on": [
            "azuread_user.users",
            "azurerm_resource_group.resourcegroup"
          ]
        },
        {
          "index_key": 20,
          "schema_version": 0,
          "attributes": {
            "id": "/subscriptions/ca421c80-26d8-4439-a8f4-01d01ef8524f/resourceGroups/student20-RG/providers/Microsoft.Authorization/roleAssignments/47f3418f-4b02-ca84-17f6-0a64651e15dd",
            "name": "47f3418f-4b02-ca84-17f6-0a64651e15dd",
            "principal_id": "2ba6b695-7920-45cd-9d63-0c58f895dbfc",
            "principal_type": "User",
            "role_definition_id": "/subscriptions/ca421c80-26d8-4439-a8f4-01d01ef8524f/providers/Microsoft.Authorization/roleDefinitions/8e3af657-a8ff-443c-a75c-2fe8c4bcb635",
            "role_definition_name": "Owner",
            "scope": "/subscriptions/ca421c80-26d8-4439-a8f4-01d01ef8524f/resourceGroups/student20-RG",
            "skip_service_principal_aad_check": null
          },
          "private": "bnVsbA==",
          "depends_on": [
            "azuread_user.users",
            "azurerm_resource_group.resourcegroup"
          ]
        },
        {
          "index_key": 21,
          "schema_version": 0,
          "attributes": {
            "id": "/subscriptions/ca421c80-26d8-4439-a8f4-01d01ef8524f/resourceGroups/student21-RG/providers/Microsoft.Authorization/roleAssignments/cf1eccfe-06e5-c5fb-afb6-02ba2e4231d6",
            "name": "cf1eccfe-06e5-c5fb-afb6-02ba2e4231d6",
            "principal_id": "22c445cc-e532-4722-b29e-50138eb4a13c",
            "principal_type": "User",
            "role_definition_id": "/subscriptions/ca421c80-26d8-4439-a8f4-01d01ef8524f/providers/Microsoft.Authorization/roleDefinitions/8e3af657-a8ff-443c-a75c-2fe8c4bcb635",
            "role_definition_name": "Owner",
            "scope": "/subscriptions/ca421c80-26d8-4439-a8f4-01d01ef8524f/resourceGroups/student21-RG",
            "skip_service_principal_aad_check": null
          },
          "private": "bnVsbA==",
          "depends_on": [
            "azuread_user.users",
            "azurerm_resource_group.resourcegroup"
          ]
        },
        {
          "index_key": 22,
          "schema_version": 0,
          "attributes": {
            "id": "/subscriptions/ca421c80-26d8-4439-a8f4-01d01ef8524f/resourceGroups/student22-RG/providers/Microsoft.Authorization/roleAssignments/dee9a14f-ae12-cee1-2788-3945099bd7b2",
            "name": "dee9a14f-ae12-cee1-2788-3945099bd7b2",
            "principal_id": "be0532de-538e-4a4e-9505-b68ec7f8d1d7",
            "principal_type": "User",
            "role_definition_id": "/subscriptions/ca421c80-26d8-4439-a8f4-01d01ef8524f/providers/Microsoft.Authorization/roleDefinitions/8e3af657-a8ff-443c-a75c-2fe8c4bcb635",
            "role_definition_name": "Owner",
            "scope": "/subscriptions/ca421c80-26d8-4439-a8f4-01d01ef8524f/resourceGroups/student22-RG",
            "skip_service_principal_aad_check": null
          },
          "private": "bnVsbA==",
          "depends_on": [
            "azuread_user.users",
            "azurerm_resource_group.resourcegroup"
          ]
        },
        {
          "index_key": 23,
          "schema_version": 0,
          "attributes": {
            "id": "/subscriptions/ca421c80-26d8-4439-a8f4-01d01ef8524f/resourceGroups/student23-RG/providers/Microsoft.Authorization/roleAssignments/7a97a5bf-d65a-673c-5746-7dcd1b299bf8",
            "name": "7a97a5bf-d65a-673c-5746-7dcd1b299bf8",
            "principal_id": "7b3a7c1a-d840-479d-a9da-e9c8fce87420",
            "principal_type": "User",
            "role_definition_id": "/subscriptions/ca421c80-26d8-4439-a8f4-01d01ef8524f/providers/Microsoft.Authorization/roleDefinitions/8e3af657-a8ff-443c-a75c-2fe8c4bcb635",
            "role_definition_name": "Owner",
            "scope": "/subscriptions/ca421c80-26d8-4439-a8f4-01d01ef8524f/resourceGroups/student23-RG",
            "skip_service_principal_aad_check": null
          },
          "private": "bnVsbA==",
          "depends_on": [
            "azuread_user.users",
            "azurerm_resource_group.resourcegroup"
          ]
        },
        {
          "index_key": 24,
          "schema_version": 0,
          "attributes": {
            "id": "/subscriptions/ca421c80-26d8-4439-a8f4-01d01ef8524f/resourceGroups/student24-RG/providers/Microsoft.Authorization/roleAssignments/c5e029be-7697-e11e-3eee-c63ddb777c26",
            "name": "c5e029be-7697-e11e-3eee-c63ddb777c26",
            "principal_id": "85acc71c-4e16-43e3-bfd2-4eaafe923be4",
            "principal_type": "User",
            "role_definition_id": "/subscriptions/ca421c80-26d8-4439-a8f4-01d01ef8524f/providers/Microsoft.Authorization/roleDefinitions/8e3af657-a8ff-443c-a75c-2fe8c4bcb635",
            "role_definition_name": "Owner",
            "scope": "/subscriptions/ca421c80-26d8-4439-a8f4-01d01ef8524f/resourceGroups/student24-RG",
            "skip_service_principal_aad_check": null
          },
          "private": "bnVsbA==",
          "depends_on": [
            "azuread_user.users",
            "azurerm_resource_group.resourcegroup"
          ]
        },
        {
          "index_key": 25,
          "schema_version": 0,
          "attributes": {
            "id": "/subscriptions/ca421c80-26d8-4439-a8f4-01d01ef8524f/resourceGroups/student25-RG/providers/Microsoft.Authorization/roleAssignments/e01f9336-c7a3-c008-e37a-017a6eb9b4ba",
            "name": "e01f9336-c7a3-c008-e37a-017a6eb9b4ba",
            "principal_id": "b0358b40-8d53-4690-8cb2-e425380dd002",
            "principal_type": "User",
            "role_definition_id": "/subscriptions/ca421c80-26d8-4439-a8f4-01d01ef8524f/providers/Microsoft.Authorization/roleDefinitions/8e3af657-a8ff-443c-a75c-2fe8c4bcb635",
            "role_definition_name": "Owner",
            "scope": "/subscriptions/ca421c80-26d8-4439-a8f4-01d01ef8524f/resourceGroups/student25-RG",
            "skip_service_principal_aad_check": null
          },
          "private": "bnVsbA==",
          "depends_on": [
            "azuread_user.users",
            "azurerm_resource_group.resourcegroup"
          ]
        },
        {
          "index_key": 26,
          "schema_version": 0,
          "attributes": {
            "id": "/subscriptions/ca421c80-26d8-4439-a8f4-01d01ef8524f/resourceGroups/student26-RG/providers/Microsoft.Authorization/roleAssignments/c6022641-6286-07a6-6fe5-d2a7d82721bf",
            "name": "c6022641-6286-07a6-6fe5-d2a7d82721bf",
            "principal_id": "9874dfa6-2d33-4754-8345-0983a38016e7",
            "principal_type": "User",
            "role_definition_id": "/subscriptions/ca421c80-26d8-4439-a8f4-01d01ef8524f/providers/Microsoft.Authorization/roleDefinitions/8e3af657-a8ff-443c-a75c-2fe8c4bcb635",
            "role_definition_name": "Owner",
            "scope": "/subscriptions/ca421c80-26d8-4439-a8f4-01d01ef8524f/resourceGroups/student26-RG",
            "skip_service_principal_aad_check": null
          },
          "private": "bnVsbA==",
          "depends_on": [
            "azuread_user.users",
            "azurerm_resource_group.resourcegroup"
          ]
        },
        {
          "index_key": 27,
          "schema_version": 0,
          "attributes": {
            "id": "/subscriptions/ca421c80-26d8-4439-a8f4-01d01ef8524f/resourceGroups/student27-RG/providers/Microsoft.Authorization/roleAssignments/bf22031a-2335-8b15-b10c-599a2029ec9b",
            "name": "bf22031a-2335-8b15-b10c-599a2029ec9b",
            "principal_id": "e8a7ebb0-7f9c-4d71-994d-e6ba17f094a5",
            "principal_type": "User",
            "role_definition_id": "/subscriptions/ca421c80-26d8-4439-a8f4-01d01ef8524f/providers/Microsoft.Authorization/roleDefinitions/8e3af657-a8ff-443c-a75c-2fe8c4bcb635",
            "role_definition_name": "Owner",
            "scope": "/subscriptions/ca421c80-26d8-4439-a8f4-01d01ef8524f/resourceGroups/student27-RG",
            "skip_service_principal_aad_check": null
          },
          "private": "bnVsbA==",
          "depends_on": [
            "azuread_user.users",
            "azurerm_resource_group.resourcegroup"
          ]
        },
        {
          "index_key": 28,
          "schema_version": 0,
          "attributes": {
            "id": "/subscriptions/ca421c80-26d8-4439-a8f4-01d01ef8524f/resourceGroups/student28-RG/providers/Microsoft.Authorization/roleAssignments/739251c5-138d-9224-579a-b96981f46cd1",
            "name": "739251c5-138d-9224-579a-b96981f46cd1",
            "principal_id": "48f6399f-4cd1-485a-b437-5806b91e4189",
            "principal_type": "User",
            "role_definition_id": "/subscriptions/ca421c80-26d8-4439-a8f4-01d01ef8524f/providers/Microsoft.Authorization/roleDefinitions/8e3af657-a8ff-443c-a75c-2fe8c4bcb635",
            "role_definition_name": "Owner",
            "scope": "/subscriptions/ca421c80-26d8-4439-a8f4-01d01ef8524f/resourceGroups/student28-RG",
            "skip_service_principal_aad_check": null
          },
          "private": "bnVsbA==",
          "depends_on": [
            "azuread_user.users",
            "azurerm_resource_group.resourcegroup"
          ]
        },
        {
          "index_key": 29,
          "schema_version": 0,
          "attributes": {
            "id": "/subscriptions/ca421c80-26d8-4439-a8f4-01d01ef8524f/resourceGroups/student29-RG/providers/Microsoft.Authorization/roleAssignments/16dc5a69-5ca4-303e-23be-ac106e73cb36",
            "name": "16dc5a69-5ca4-303e-23be-ac106e73cb36",
            "principal_id": "db0ab4a2-e49e-457a-90e5-d619198ed3f7",
            "principal_type": "User",
            "role_definition_id": "/subscriptions/ca421c80-26d8-4439-a8f4-01d01ef8524f/providers/Microsoft.Authorization/roleDefinitions/8e3af657-a8ff-443c-a75c-2fe8c4bcb635",
            "role_definition_name": "Owner",
            "scope": "/subscriptions/ca421c80-26d8-4439-a8f4-01d01ef8524f/resourceGroups/student29-RG",
            "skip_service_principal_aad_check": null
          },
          "private": "bnVsbA==",
          "depends_on": [
            "azuread_user.users",
            "azurerm_resource_group.resourcegroup"
          ]
        }
      ]
    }
  ]
}
